
Microsoft Visual Studio Solution File, Format Version 12.00
# Visual Studio Version 17
VisualStudioVersion = 17.1.32319.34
MinimumVisualStudioVersion = 10.0.40219.1
Project("{FAE04EC0-301F-11D3-BF4B-00C04F79EFBC}") = "Area51ProjektConsoleApp", "Area51ProjektConsoleApp\Area51ProjektConsoleApp.csproj", "{93276155-4587-4C5C-B996-B903311AD461}"
EndProject
Global
	GlobalSection(SolutionConfigurationPlatforms) = preSolution
		Debug|Any CPU = Debug|Any CPU
		Release|Any CPU = Release|Any CPU
	EndGlobalSection
	GlobalSection(ProjectConfigurationPlatforms) = postSolution
		{93276155-4587-4C5C-B996-B903311AD461}.Debug|Any CPU.ActiveCfg = Debug|Any CPU
		{93276155-4587-4C5C-B996-B903311AD461}.Debug|Any CPU.Build.0 = Debug|Any CPU
		{93276155-4587-4C5C-B996-B903311AD461}.Release|Any CPU.ActiveCfg = Release|Any CPU
		{93276155-4587-4C5C-B996-B903311AD461}.Release|Any CPU.Build.0 = Release|Any CPU
	EndGlobalSection
	GlobalSection(SolutionProperties) = preSolution
		HideSolutionNode = FALSE
	EndGlobalSection
	GlobalSection(ExtensibilityGlobals) = postSolution
		SolutionGuid = {147F693B-8365-46AC-909F-F10B6D1B2045}
	EndGlobalSection
EndGlobal
